// !$*UTF8*$!
{
	archiveVersion = 1;
	classes = {
	};
	objectVersion = 56;
	objects = {

/* Begin PBXBuildFile section */
		A52E1FF82B5D3C510011EA61 /* StartGameScene.swift in Sources */ = {isa = PBXBuildFile; fileRef = A52E1FF72B5D3C510011EA61 /* StartGameScene.swift */; };
		A52E1FFC2B5DBCC00011EA61 /* SKSpriteNode+gestures.swift in Sources */ = {isa = PBXBuildFile; fileRef = A52E1FFB2B5DBCC00011EA61 /* SKSpriteNode+gestures.swift */; };
		A52E1FFE2B5DBF120011EA61 /* Car.swift in Sources */ = {isa = PBXBuildFile; fileRef = A52E1FFD2B5DBF120011EA61 /* Car.swift */; };
		A52E20032B5E5DEC0011EA61 /* background_music.mp3 in Resources */ = {isa = PBXBuildFile; fileRef = A52E20022B5E5DEC0011EA61 /* background_music.mp3 */; };
		A52E20052B5E652E0011EA61 /* AuthService.swift in Sources */ = {isa = PBXBuildFile; fileRef = A52E20042B5E652E0011EA61 /* AuthService.swift */; };
		A52E20092B5E6FFF0011EA61 /* NetworkCheckService.swift in Sources */ = {isa = PBXBuildFile; fileRef = A52E20082B5E6FFF0011EA61 /* NetworkCheckService.swift */; };
		A52E200C2B5E7A9D0011EA61 /* LoadingViewCoordinator.swift in Sources */ = {isa = PBXBuildFile; fileRef = A52E200B2B5E7A9D0011EA61 /* LoadingViewCoordinator.swift */; };
		A52E20102B5E7AC90011EA61 /* LoadingView.swift in Sources */ = {isa = PBXBuildFile; fileRef = A52E200F2B5E7AC90011EA61 /* LoadingView.swift */; };
		A57497B92B5AE9B100EB39BF /* AppDelegate.swift in Sources */ = {isa = PBXBuildFile; fileRef = A57497B82B5AE9B100EB39BF /* AppDelegate.swift */; };
		A57497BF2B5AE9B100EB39BF /* GameScene.swift in Sources */ = {isa = PBXBuildFile; fileRef = A57497BE2B5AE9B100EB39BF /* GameScene.swift */; };
		A57497C12B5AE9B100EB39BF /* StartGameViewController.swift in Sources */ = {isa = PBXBuildFile; fileRef = A57497C02B5AE9B100EB39BF /* StartGameViewController.swift */; };
		A57497D02B5AEC8C00EB39BF /* GoogleService-Info.plist in Resources */ = {isa = PBXBuildFile; fileRef = A57497CF2B5AEC8C00EB39BF /* GoogleService-Info.plist */; };
		A57497D32B5AEEA600EB39BF /* FirebaseAnalytics in Frameworks */ = {isa = PBXBuildFile; productRef = A57497D22B5AEEA600EB39BF /* FirebaseAnalytics */; };
		A57497D52B5AEEA600EB39BF /* FirebaseAnalyticsOnDeviceConversion in Frameworks */ = {isa = PBXBuildFile; productRef = A57497D42B5AEEA600EB39BF /* FirebaseAnalyticsOnDeviceConversion */; };
		A57497D72B5AEEA600EB39BF /* FirebaseAnalyticsSwift in Frameworks */ = {isa = PBXBuildFile; productRef = A57497D62B5AEEA600EB39BF /* FirebaseAnalyticsSwift */; };
		A57497D92B5AEEA600EB39BF /* FirebaseAnalyticsWithoutAdIdSupport in Frameworks */ = {isa = PBXBuildFile; productRef = A57497D82B5AEEA600EB39BF /* FirebaseAnalyticsWithoutAdIdSupport */; };
		A57497DB2B5AEEA600EB39BF /* FirebaseAppCheck in Frameworks */ = {isa = PBXBuildFile; productRef = A57497DA2B5AEEA600EB39BF /* FirebaseAppCheck */; };
		A57497DE2B5B004B00EB39BF /* AppCoordinator.swift in Sources */ = {isa = PBXBuildFile; fileRef = A57497DD2B5B004B00EB39BF /* AppCoordinator.swift */; };
		A57497E12B5B008D00EB39BF /* Coordinatorl.swift in Sources */ = {isa = PBXBuildFile; fileRef = A57497E02B5B008D00EB39BF /* Coordinatorl.swift */; };
		A57497E52B5B033700EB39BF /* StartGameCoordinator.swift in Sources */ = {isa = PBXBuildFile; fileRef = A57497E42B5B033700EB39BF /* StartGameCoordinator.swift */; };
		A57497E72B5B03E400EB39BF /* WebViewCoordinator.swift in Sources */ = {isa = PBXBuildFile; fileRef = A57497E62B5B03E400EB39BF /* WebViewCoordinator.swift */; };
		A57497E92B5B0B0600EB39BF /* WebView.swift in Sources */ = {isa = PBXBuildFile; fileRef = A57497E82B5B0B0600EB39BF /* WebView.swift */; };
		A57497EB2B5B0B1600EB39BF /* CustomWebView.swift in Sources */ = {isa = PBXBuildFile; fileRef = A57497EA2B5B0B1600EB39BF /* CustomWebView.swift */; };
		A57497ED2B5B197700EB39BF /* WebViewModel.swift in Sources */ = {isa = PBXBuildFile; fileRef = A57497EC2B5B197700EB39BF /* WebViewModel.swift */; };
		A57497F02B5B19F700EB39BF /* FirebaseManager.swift in Sources */ = {isa = PBXBuildFile; fileRef = A57497EF2B5B19F700EB39BF /* FirebaseManager.swift */; };
		A57497F32B5B1C8200EB39BF /* FirebaseFirestore in Frameworks */ = {isa = PBXBuildFile; productRef = A57497F22B5B1C8200EB39BF /* FirebaseFirestore */; };
		A57497F62B5B1E5700EB39BF /* Errors.swift in Sources */ = {isa = PBXBuildFile; fileRef = A57497F52B5B1E5700EB39BF /* Errors.swift */; };
		A57497FB2B5BE5C600EB39BF /* PhysicsCategory.swift in Sources */ = {isa = PBXBuildFile; fileRef = A57497FA2B5BE5C600EB39BF /* PhysicsCategory.swift */; };
		A57497FE2B5BE8A700EB39BF /* GameScene+SKPhysicsContactDelegate.swift in Sources */ = {isa = PBXBuildFile; fileRef = A57497FD2B5BE8A700EB39BF /* GameScene+SKPhysicsContactDelegate.swift */; };
		A57498002B5C052700EB39BF /* GameOverScene.swift in Sources */ = {isa = PBXBuildFile; fileRef = A57497FF2B5C052700EB39BF /* GameOverScene.swift */; };
		A57498042B5C27F800EB39BF /* Launch.storyboard in Resources */ = {isa = PBXBuildFile; fileRef = A57498032B5C27F800EB39BF /* Launch.storyboard */; };
		A5ACAFA82B5C2E8800199E1D /* Assets.xcassets in Resources */ = {isa = PBXBuildFile; fileRef = A5ACAFA72B5C2E8800199E1D /* Assets.xcassets */; };
/* End PBXBuildFile section */

/* Begin PBXFileReference section */
		A52E1FF72B5D3C510011EA61 /* StartGameScene.swift */ = {isa = PBXFileReference; lastKnownFileType = sourcecode.swift; path = StartGameScene.swift; sourceTree = "<group>"; };
		A52E1FFB2B5DBCC00011EA61 /* SKSpriteNode+gestures.swift */ = {isa = PBXFileReference; lastKnownFileType = sourcecode.swift; path = "SKSpriteNode+gestures.swift"; sourceTree = "<group>"; };
		A52E1FFD2B5DBF120011EA61 /* Car.swift */ = {isa = PBXFileReference; lastKnownFileType = sourcecode.swift; path = Car.swift; sourceTree = "<group>"; };
		A52E20022B5E5DEC0011EA61 /* background_music.mp3 */ = {isa = PBXFileReference; lastKnownFileType = audio.mp3; path = background_music.mp3; sourceTree = "<group>"; };
		A52E20042B5E652E0011EA61 /* AuthService.swift */ = {isa = PBXFileReference; lastKnownFileType = sourcecode.swift; path = AuthService.swift; sourceTree = "<group>"; };
		A52E20082B5E6FFF0011EA61 /* NetworkCheckService.swift */ = {isa = PBXFileReference; lastKnownFileType = sourcecode.swift; path = NetworkCheckService.swift; sourceTree = "<group>"; };
		A52E200B2B5E7A9D0011EA61 /* LoadingViewCoordinator.swift */ = {isa = PBXFileReference; lastKnownFileType = sourcecode.swift; path = LoadingViewCoordinator.swift; sourceTree = "<group>"; };
		A52E200F2B5E7AC90011EA61 /* LoadingView.swift */ = {isa = PBXFileReference; lastKnownFileType = sourcecode.swift; path = LoadingView.swift; sourceTree = "<group>"; };
		A57497B52B5AE9B100EB39BF /* BarrierRush.app */ = {isa = PBXFileReference; explicitFileType = wrapper.application; includeInIndex = 0; path = BarrierRush.app; sourceTree = BUILT_PRODUCTS_DIR; };
		A57497B82B5AE9B100EB39BF /* AppDelegate.swift */ = {isa = PBXFileReference; lastKnownFileType = sourcecode.swift; path = AppDelegate.swift; sourceTree = "<group>"; };
		A57497BE2B5AE9B100EB39BF /* GameScene.swift */ = {isa = PBXFileReference; lastKnownFileType = sourcecode.swift; path = GameScene.swift; sourceTree = "<group>"; };
		A57497C02B5AE9B100EB39BF /* StartGameViewController.swift */ = {isa = PBXFileReference; lastKnownFileType = sourcecode.swift; path = StartGameViewController.swift; sourceTree = "<group>"; };
		A57497CF2B5AEC8C00EB39BF /* GoogleService-Info.plist */ = {isa = PBXFileReference; fileEncoding = 4; lastKnownFileType = text.plist.xml; path = "GoogleService-Info.plist"; sourceTree = "<group>"; };
		A57497DD2B5B004B00EB39BF /* AppCoordinator.swift */ = {isa = PBXFileReference; lastKnownFileType = sourcecode.swift; path = AppCoordinator.swift; sourceTree = "<group>"; };
		A57497E02B5B008D00EB39BF /* Coordinatorl.swift */ = {isa = PBXFileReference; lastKnownFileType = sourcecode.swift; path = Coordinatorl.swift; sourceTree = "<group>"; };
		A57497E42B5B033700EB39BF /* StartGameCoordinator.swift */ = {isa = PBXFileReference; lastKnownFileType = sourcecode.swift; path = StartGameCoordinator.swift; sourceTree = "<group>"; };
		A57497E62B5B03E400EB39BF /* WebViewCoordinator.swift */ = {isa = PBXFileReference; lastKnownFileType = sourcecode.swift; path = WebViewCoordinator.swift; sourceTree = "<group>"; };
		A57497E82B5B0B0600EB39BF /* WebView.swift */ = {isa = PBXFileReference; lastKnownFileType = sourcecode.swift; path = WebView.swift; sourceTree = "<group>"; };
		A57497EA2B5B0B1600EB39BF /* CustomWebView.swift */ = {isa = PBXFileReference; lastKnownFileType = sourcecode.swift; path = CustomWebView.swift; sourceTree = "<group>"; };
		A57497EC2B5B197700EB39BF /* WebViewModel.swift */ = {isa = PBXFileReference; lastKnownFileType = sourcecode.swift; path = WebViewModel.swift; sourceTree = "<group>"; };
		A57497EF2B5B19F700EB39BF /* FirebaseManager.swift */ = {isa = PBXFileReference; lastKnownFileType = sourcecode.swift; path = FirebaseManager.swift; sourceTree = "<group>"; };
		A57497F52B5B1E5700EB39BF /* Errors.swift */ = {isa = PBXFileReference; lastKnownFileType = sourcecode.swift; path = Errors.swift; sourceTree = "<group>"; };
		A57497F72B5BC82B00EB39BF /* Info.plist */ = {isa = PBXFileReference; lastKnownFileType = text.plist; path = Info.plist; sourceTree = "<group>"; };
		A57497FA2B5BE5C600EB39BF /* PhysicsCategory.swift */ = {isa = PBXFileReference; lastKnownFileType = sourcecode.swift; path = PhysicsCategory.swift; sourceTree = "<group>"; };
		A57497FD2B5BE8A700EB39BF /* GameScene+SKPhysicsContactDelegate.swift */ = {isa = PBXFileReference; lastKnownFileType = sourcecode.swift; path = "GameScene+SKPhysicsContactDelegate.swift"; sourceTree = "<group>"; };
		A57497FF2B5C052700EB39BF /* GameOverScene.swift */ = {isa = PBXFileReference; lastKnownFileType = sourcecode.swift; path = GameOverScene.swift; sourceTree = "<group>"; };
		A57498032B5C27F800EB39BF /* Launch.storyboard */ = {isa = PBXFileReference; lastKnownFileType = file.storyboard; path = Launch.storyboard; sourceTree = "<group>"; };
		A5ACAFA72B5C2E8800199E1D /* Assets.xcassets */ = {isa = PBXFileReference; lastKnownFileType = folder.assetcatalog; path = Assets.xcassets; sourceTree = "<group>"; };
/* End PBXFileReference section */

/* Begin PBXFrameworksBuildPhase section */
		A57497B22B5AE9B100EB39BF /* Frameworks */ = {
			isa = PBXFrameworksBuildPhase;
			buildActionMask = 2147483647;
			files = (
				A57497D72B5AEEA600EB39BF /* FirebaseAnalyticsSwift in Frameworks */,
				A57497D32B5AEEA600EB39BF /* FirebaseAnalytics in Frameworks */,
				A57497D52B5AEEA600EB39BF /* FirebaseAnalyticsOnDeviceConversion in Frameworks */,
				A57497DB2B5AEEA600EB39BF /* FirebaseAppCheck in Frameworks */,
				A57497D92B5AEEA600EB39BF /* FirebaseAnalyticsWithoutAdIdSupport in Frameworks */,
				A57497F32B5B1C8200EB39BF /* FirebaseFirestore in Frameworks */,
			);
			runOnlyForDeploymentPostprocessing = 0;
		};
/* End PBXFrameworksBuildPhase section */

/* Begin PBXGroup section */
		A52E1FFF2B5DC5D90011EA61 /* StartGame */ = {
			isa = PBXGroup;
			children = (
				A52E1FF72B5D3C510011EA61 /* StartGameScene.swift */,
				A57497C02B5AE9B100EB39BF /* StartGameViewController.swift */,
				A57497E42B5B033700EB39BF /* StartGameCoordinator.swift */,
			);
			path = StartGame;
			sourceTree = "<group>";
		};
		A52E20002B5DC5FA0011EA61 /* MainGame */ = {
			isa = PBXGroup;
			children = (
				A57497BE2B5AE9B100EB39BF /* GameScene.swift */,
			);
			path = MainGame;
			sourceTree = "<group>";
		};
		A52E20012B5DC6220011EA61 /* GameOver */ = {
			isa = PBXGroup;
			children = (
				A57497FF2B5C052700EB39BF /* GameOverScene.swift */,
			);
			path = GameOver;
			sourceTree = "<group>";
		};
		A52E200A2B5E7A7E0011EA61 /* LoadingView */ = {
			isa = PBXGroup;
			children = (
				A52E200B2B5E7A9D0011EA61 /* LoadingViewCoordinator.swift */,
				A52E200F2B5E7AC90011EA61 /* LoadingView.swift */,
			);
			path = LoadingView;
			sourceTree = "<group>";
		};
		A57497AC2B5AE9B100EB39BF = {
			isa = PBXGroup;
			children = (
				A57497B72B5AE9B100EB39BF /* BarrierRush */,
				A57497B62B5AE9B100EB39BF /* Products */,
				A57497F12B5B1C8200EB39BF /* Frameworks */,
			);
			sourceTree = "<group>";
		};
		A57497B62B5AE9B100EB39BF /* Products */ = {
			isa = PBXGroup;
			children = (
				A57497B52B5AE9B100EB39BF /* BarrierRush.app */,
			);
			name = Products;
			sourceTree = "<group>";
		};
		A57497B72B5AE9B100EB39BF /* BarrierRush */ = {
			isa = PBXGroup;
			children = (
				A57497F72B5BC82B00EB39BF /* Info.plist */,
				A57497DF2B5B006700EB39BF /* Protocols */,
				A57497F42B5B1E4A00EB39BF /* Errors */,
				A57497EE2B5B198D00EB39BF /* Services */,
				A52E200A2B5E7A7E0011EA61 /* LoadingView */,
				A57497E32B5B02FF00EB39BF /* WebView */,
				A57497E22B5B02D700EB39BF /* Game */,
				A57497B82B5AE9B100EB39BF /* AppDelegate.swift */,
				A57497DD2B5B004B00EB39BF /* AppCoordinator.swift */,
				A5ACAFA72B5C2E8800199E1D /* Assets.xcassets */,
				A52E20022B5E5DEC0011EA61 /* background_music.mp3 */,
				A57498032B5C27F800EB39BF /* Launch.storyboard */,
				A57497CF2B5AEC8C00EB39BF /* GoogleService-Info.plist */,
			);
			path = BarrierRush;
			sourceTree = "<group>";
		};
		A57497DF2B5B006700EB39BF /* Protocols */ = {
			isa = PBXGroup;
			children = (
				A57497E02B5B008D00EB39BF /* Coordinatorl.swift */,
			);
			path = Protocols;
			sourceTree = "<group>";
		};
		A57497E22B5B02D700EB39BF /* Game */ = {
			isa = PBXGroup;
			children = (
				A52E1FFD2B5DBF120011EA61 /* Car.swift */,
				A57497FA2B5BE5C600EB39BF /* PhysicsCategory.swift */,
				A52E1FFF2B5DC5D90011EA61 /* StartGame */,
				A52E20002B5DC5FA0011EA61 /* MainGame */,
				A52E20012B5DC6220011EA61 /* GameOver */,
				A57497FC2B5BE88E00EB39BF /* Extensions */,
			);
			path = Game;
			sourceTree = "<group>";
		};
		A57497E32B5B02FF00EB39BF /* WebView */ = {
			isa = PBXGroup;
			children = (
				A57497E62B5B03E400EB39BF /* WebViewCoordinator.swift */,
				A57497E82B5B0B0600EB39BF /* WebView.swift */,
				A57497EC2B5B197700EB39BF /* WebViewModel.swift */,
				A57497EA2B5B0B1600EB39BF /* CustomWebView.swift */,
			);
			path = WebView;
			sourceTree = "<group>";
		};
		A57497EE2B5B198D00EB39BF /* Services */ = {
			isa = PBXGroup;
			children = (
				A57497EF2B5B19F700EB39BF /* FirebaseManager.swift */,
				A52E20042B5E652E0011EA61 /* AuthService.swift */,
				A52E20082B5E6FFF0011EA61 /* NetworkCheckService.swift */,
			);
			path = Services;
			sourceTree = "<group>";
		};
		A57497F12B5B1C8200EB39BF /* Frameworks */ = {
			isa = PBXGroup;
			children = (
			);
			name = Frameworks;
			sourceTree = "<group>";
		};
		A57497F42B5B1E4A00EB39BF /* Errors */ = {
			isa = PBXGroup;
			children = (
				A57497F52B5B1E5700EB39BF /* Errors.swift */,
			);
			path = Errors;
			sourceTree = "<group>";
		};
		A57497FC2B5BE88E00EB39BF /* Extensions */ = {
			isa = PBXGroup;
			children = (
				A57497FD2B5BE8A700EB39BF /* GameScene+SKPhysicsContactDelegate.swift */,
				A52E1FFB2B5DBCC00011EA61 /* SKSpriteNode+gestures.swift */,
			);
			path = Extensions;
			sourceTree = "<group>";
		};
/* End PBXGroup section */

/* Begin PBXNativeTarget section */
		A57497B42B5AE9B100EB39BF /* BarrierRush */ = {
			isa = PBXNativeTarget;
			buildConfigurationList = A57497CC2B5AE9B300EB39BF /* Build configuration list for PBXNativeTarget "BarrierRush" */;
			buildPhases = (
				A57497B12B5AE9B100EB39BF /* Sources */,
				A57497B22B5AE9B100EB39BF /* Frameworks */,
				A57497B32B5AE9B100EB39BF /* Resources */,
			);
			buildRules = (
			);
			dependencies = (
			);
			name = BarrierRush;
			packageProductDependencies = (
				A57497D22B5AEEA600EB39BF /* FirebaseAnalytics */,
				A57497D42B5AEEA600EB39BF /* FirebaseAnalyticsOnDeviceConversion */,
				A57497D62B5AEEA600EB39BF /* FirebaseAnalyticsSwift */,
				A57497D82B5AEEA600EB39BF /* FirebaseAnalyticsWithoutAdIdSupport */,
				A57497DA2B5AEEA600EB39BF /* FirebaseAppCheck */,
				A57497F22B5B1C8200EB39BF /* FirebaseFirestore */,
			);
			productName = BarrierRush;
			productReference = A57497B52B5AE9B100EB39BF /* BarrierRush.app */;
			productType = "com.apple.product-type.application";
		};
/* End PBXNativeTarget section */

/* Begin PBXProject section */
		A57497AD2B5AE9B100EB39BF /* Project object */ = {
			isa = PBXProject;
			attributes = {
				BuildIndependentTargetsInParallel = 1;
				LastSwiftUpdateCheck = 1520;
				LastUpgradeCheck = 1520;
				TargetAttributes = {
					A57497B42B5AE9B100EB39BF = {
						CreatedOnToolsVersion = 15.2;
					};
				};
			};
			buildConfigurationList = A57497B02B5AE9B100EB39BF /* Build configuration list for PBXProject "BarrierRush" */;
			compatibilityVersion = "Xcode 14.0";
			developmentRegion = en;
			hasScannedForEncodings = 0;
			knownRegions = (
				en,
				Base,
			);
			mainGroup = A57497AC2B5AE9B100EB39BF;
			packageReferences = (
				A57497D12B5AEEA600EB39BF /* XCRemoteSwiftPackageReference "firebase-ios-sdk" */,
			);
			productRefGroup = A57497B62B5AE9B100EB39BF /* Products */;
			projectDirPath = "";
			projectRoot = "";
			targets = (
				A57497B42B5AE9B100EB39BF /* BarrierRush */,
			);
		};
/* End PBXProject section */

/* Begin PBXResourcesBuildPhase section */
		A57497B32B5AE9B100EB39BF /* Resources */ = {
			isa = PBXResourcesBuildPhase;
			buildActionMask = 2147483647;
			files = (
				A57497D02B5AEC8C00EB39BF /* GoogleService-Info.plist in Resources */,
				A5ACAFA82B5C2E8800199E1D /* Assets.xcassets in Resources */,
				A52E20032B5E5DEC0011EA61 /* background_music.mp3 in Resources */,
				A57498042B5C27F800EB39BF /* Launch.storyboard in Resources */,
			);
			runOnlyForDeploymentPostprocessing = 0;
		};
/* End PBXResourcesBuildPhase section */

/* Begin PBXSourcesBuildPhase section */
		A57497B12B5AE9B100EB39BF /* Sources */ = {
			isa = PBXSourcesBuildPhase;
			buildActionMask = 2147483647;
			files = (
				A57497E52B5B033700EB39BF /* StartGameCoordinator.swift in Sources */,
				A57497E92B5B0B0600EB39BF /* WebView.swift in Sources */,
				A57497E72B5B03E400EB39BF /* WebViewCoordinator.swift in Sources */,
				A52E20102B5E7AC90011EA61 /* LoadingView.swift in Sources */,
				A57497ED2B5B197700EB39BF /* WebViewModel.swift in Sources */,
				A57497F62B5B1E5700EB39BF /* Errors.swift in Sources */,
				A52E1FF82B5D3C510011EA61 /* StartGameScene.swift in Sources */,
				A52E200C2B5E7A9D0011EA61 /* LoadingViewCoordinator.swift in Sources */,
				A52E20052B5E652E0011EA61 /* AuthService.swift in Sources */,
				A57497F02B5B19F700EB39BF /* FirebaseManager.swift in Sources */,
				A52E1FFC2B5DBCC00011EA61 /* SKSpriteNode+gestures.swift in Sources */,
				A57497DE2B5B004B00EB39BF /* AppCoordinator.swift in Sources */,
				A57497FB2B5BE5C600EB39BF /* PhysicsCategory.swift in Sources */,
				A57497FE2B5BE8A700EB39BF /* GameScene+SKPhysicsContactDelegate.swift in Sources */,
				A57497BF2B5AE9B100EB39BF /* GameScene.swift in Sources */,
				A57498002B5C052700EB39BF /* GameOverScene.swift in Sources */,
				A57497E12B5B008D00EB39BF /* Coordinatorl.swift in Sources */,
				A52E1FFE2B5DBF120011EA61 /* Car.swift in Sources */,
				A57497C12B5AE9B100EB39BF /* StartGameViewController.swift in Sources */,
				A52E20092B5E6FFF0011EA61 /* NetworkCheckService.swift in Sources */,
				A57497B92B5AE9B100EB39BF /* AppDelegate.swift in Sources */,
				A57497EB2B5B0B1600EB39BF /* CustomWebView.swift in Sources */,
			);
			runOnlyForDeploymentPostprocessing = 0;
		};
/* End PBXSourcesBuildPhase section */

/* Begin XCBuildConfiguration section */
		A57497CA2B5AE9B300EB39BF /* Debug */ = {
			isa = XCBuildConfiguration;
			buildSettings = {
				ALWAYS_SEARCH_USER_PATHS = NO;
				ASSETCATALOG_COMPILER_GENERATE_SWIFT_ASSET_SYMBOL_EXTENSIONS = YES;
				CLANG_ANALYZER_NONNULL = YES;
				CLANG_ANALYZER_NUMBER_OBJECT_CONVERSION = YES_AGGRESSIVE;
				CLANG_CXX_LANGUAGE_STANDARD = "gnu++20";
				CLANG_ENABLE_MODULES = YES;
				CLANG_ENABLE_OBJC_ARC = YES;
				CLANG_ENABLE_OBJC_WEAK = YES;
				CLANG_WARN_BLOCK_CAPTURE_AUTORELEASING = YES;
				CLANG_WARN_BOOL_CONVERSION = YES;
				CLANG_WARN_COMMA = YES;
				CLANG_WARN_CONSTANT_CONVERSION = YES;
				CLANG_WARN_DEPRECATED_OBJC_IMPLEMENTATIONS = YES;
				CLANG_WARN_DIRECT_OBJC_ISA_USAGE = YES_ERROR;
				CLANG_WARN_DOCUMENTATION_COMMENTS = YES;
				CLANG_WARN_EMPTY_BODY = YES;
				CLANG_WARN_ENUM_CONVERSION = YES;
				CLANG_WARN_INFINITE_RECURSION = YES;
				CLANG_WARN_INT_CONVERSION = YES;
				CLANG_WARN_NON_LITERAL_NULL_CONVERSION = YES;
				CLANG_WARN_OBJC_IMPLICIT_RETAIN_SELF = YES;
				CLANG_WARN_OBJC_LITERAL_CONVERSION = YES;
				CLANG_WARN_OBJC_ROOT_CLASS = YES_ERROR;
				CLANG_WARN_QUOTED_INCLUDE_IN_FRAMEWORK_HEADER = YES;
				CLANG_WARN_RANGE_LOOP_ANALYSIS = YES;
				CLANG_WARN_STRICT_PROTOTYPES = YES;
				CLANG_WARN_SUSPICIOUS_MOVE = YES;
				CLANG_WARN_UNGUARDED_AVAILABILITY = YES_AGGRESSIVE;
				CLANG_WARN_UNREACHABLE_CODE = YES;
				CLANG_WARN__DUPLICATE_METHOD_MATCH = YES;
				COPY_PHASE_STRIP = NO;
				DEBUG_INFORMATION_FORMAT = dwarf;
				ENABLE_STRICT_OBJC_MSGSEND = YES;
				ENABLE_TESTABILITY = YES;
				ENABLE_USER_SCRIPT_SANDBOXING = YES;
				GCC_C_LANGUAGE_STANDARD = gnu17;
				GCC_DYNAMIC_NO_PIC = NO;
				GCC_NO_COMMON_BLOCKS = YES;
				GCC_OPTIMIZATION_LEVEL = 0;
				GCC_PREPROCESSOR_DEFINITIONS = (
					"DEBUG=1",
					"$(inherited)",
				);
				GCC_WARN_64_TO_32_BIT_CONVERSION = YES;
				GCC_WARN_ABOUT_RETURN_TYPE = YES_ERROR;
				GCC_WARN_UNDECLARED_SELECTOR = YES;
				GCC_WARN_UNINITIALIZED_AUTOS = YES_AGGRESSIVE;
				GCC_WARN_UNUSED_FUNCTION = YES;
				GCC_WARN_UNUSED_VARIABLE = YES;
				IPHONEOS_DEPLOYMENT_TARGET = 17.2;
				LOCALIZATION_PREFERS_STRING_CATALOGS = YES;
				MTL_ENABLE_DEBUG_INFO = INCLUDE_SOURCE;
				MTL_FAST_MATH = YES;
				ONLY_ACTIVE_ARCH = YES;
				SDKROOT = iphoneos;
				SWIFT_ACTIVE_COMPILATION_CONDITIONS = "DEBUG $(inherited)";
				SWIFT_OPTIMIZATION_LEVEL = "-Onone";
			};
			name = Debug;
		};
		A57497CB2B5AE9B300EB39BF /* Release */ = {
			isa = XCBuildConfiguration;
			buildSettings = {
				ALWAYS_SEARCH_USER_PATHS = NO;
				ASSETCATALOG_COMPILER_GENERATE_SWIFT_ASSET_SYMBOL_EXTENSIONS = YES;
				CLANG_ANALYZER_NONNULL = YES;
				CLANG_ANALYZER_NUMBER_OBJECT_CONVERSION = YES_AGGRESSIVE;
				CLANG_CXX_LANGUAGE_STANDARD = "gnu++20";
				CLANG_ENABLE_MODULES = YES;
				CLANG_ENABLE_OBJC_ARC = YES;
				CLANG_ENABLE_OBJC_WEAK = YES;
				CLANG_WARN_BLOCK_CAPTURE_AUTORELEASING = YES;
				CLANG_WARN_BOOL_CONVERSION = YES;
				CLANG_WARN_COMMA = YES;
				CLANG_WARN_CONSTANT_CONVERSION = YES;
				CLANG_WARN_DEPRECATED_OBJC_IMPLEMENTATIONS = YES;
				CLANG_WARN_DIRECT_OBJC_ISA_USAGE = YES_ERROR;
				CLANG_WARN_DOCUMENTATION_COMMENTS = YES;
				CLANG_WARN_EMPTY_BODY = YES;
				CLANG_WARN_ENUM_CONVERSION = YES;
				CLANG_WARN_INFINITE_RECURSION = YES;
				CLANG_WARN_INT_CONVERSION = YES;
				CLANG_WARN_NON_LITERAL_NULL_CONVERSION = YES;
				CLANG_WARN_OBJC_IMPLICIT_RETAIN_SELF = YES;
				CLANG_WARN_OBJC_LITERAL_CONVERSION = YES;
				CLANG_WARN_OBJC_ROOT_CLASS = YES_ERROR;
				CLANG_WARN_QUOTED_INCLUDE_IN_FRAMEWORK_HEADER = YES;
				CLANG_WARN_RANGE_LOOP_ANALYSIS = YES;
				CLANG_WARN_STRICT_PROTOTYPES = YES;
				CLANG_WARN_SUSPICIOUS_MOVE = YES;
				CLANG_WARN_UNGUARDED_AVAILABILITY = YES_AGGRESSIVE;
				CLANG_WARN_UNREACHABLE_CODE = YES;
				CLANG_WARN__DUPLICATE_METHOD_MATCH = YES;
				COPY_PHASE_STRIP = NO;
				DEBUG_INFORMATION_FORMAT = "dwarf-with-dsym";
				ENABLE_NS_ASSERTIONS = NO;
				ENABLE_STRICT_OBJC_MSGSEND = YES;
				ENABLE_USER_SCRIPT_SANDBOXING = YES;
				GCC_C_LANGUAGE_STANDARD = gnu17;
				GCC_NO_COMMON_BLOCKS = YES;
				GCC_WARN_64_TO_32_BIT_CONVERSION = YES;
				GCC_WARN_ABOUT_RETURN_TYPE = YES_ERROR;
				GCC_WARN_UNDECLARED_SELECTOR = YES;
				GCC_WARN_UNINITIALIZED_AUTOS = YES_AGGRESSIVE;
				GCC_WARN_UNUSED_FUNCTION = YES;
				GCC_WARN_UNUSED_VARIABLE = YES;
				IPHONEOS_DEPLOYMENT_TARGET = 17.2;
				LOCALIZATION_PREFERS_STRING_CATALOGS = YES;
				MTL_ENABLE_DEBUG_INFO = NO;
				MTL_FAST_MATH = YES;
				SDKROOT = iphoneos;
				SWIFT_COMPILATION_MODE = wholemodule;
				VALIDATE_PRODUCT = YES;
			};
			name = Release;
		};
		A57497CD2B5AE9B300EB39BF /* Debug */ = {
			isa = XCBuildConfiguration;
			buildSettings = {
				ASSETCATALOG_COMPILER_APPICON_NAME = AppIcon;
				ASSETCATALOG_COMPILER_GLOBAL_ACCENT_COLOR_NAME = AccentColor;
				CODE_SIGN_STYLE = Automatic;
				CURRENT_PROJECT_VERSION = 1;
				DEVELOPMENT_TEAM = 6L8S4BY4WJ;
				GENERATE_INFOPLIST_FILE = YES;
				INFOPLIST_FILE = BarrierRush/Info.plist;
				INFOPLIST_KEY_UIApplicationSupportsIndirectInputEvents = YES;
				INFOPLIST_KEY_UILaunchStoryboardName = Launch;
				INFOPLIST_KEY_UIStatusBarHidden = YES;
				INFOPLIST_KEY_UISupportedInterfaceOrientations = UIInterfaceOrientationPortrait;
				INFOPLIST_KEY_UISupportedInterfaceOrientations_iPad = "UIInterfaceOrientationLandscapeLeft UIInterfaceOrientationLandscapeRight UIInterfaceOrientationPortrait UIInterfaceOrientationPortraitUpsideDown";
				IPHONEOS_DEPLOYMENT_TARGET = 15.0;
				LD_RUNPATH_SEARCH_PATHS = (
					"$(inherited)",
					"@executable_path/Frameworks",
				);
				MARKETING_VERSION = 1.0;
				PRODUCT_BUNDLE_IDENTIFIER = misha.vrana.personal.BarrierRush;
				PRODUCT_NAME = "$(TARGET_NAME)";
				SUPPORTED_PLATFORMS = "iphoneos iphonesimulator";
				SUPPORTS_MACCATALYST = NO;
				SUPPORTS_MAC_DESIGNED_FOR_IPHONE_IPAD = NO;
				SUPPORTS_XR_DESIGNED_FOR_IPHONE_IPAD = NO;
				SWIFT_EMIT_LOC_STRINGS = YES;
				SWIFT_VERSION = 5.0;
				TARGETED_DEVICE_FAMILY = 1;
			};
			name = Debug;
		};
		A57497CE2B5AE9B300EB39BF /* Release */ = {
			isa = XCBuildConfiguration;
			buildSettings = {
				ASSETCATALOG_COMPILER_APPICON_NAME = AppIcon;
				ASSETCATALOG_COMPILER_GLOBAL_ACCENT_COLOR_NAME = AccentColor;
				CODE_SIGN_STYLE = Automatic;
				CURRENT_PROJECT_VERSION = 1;
				DEVELOPMENT_TEAM = 6L8S4BY4WJ;
				GENERATE_INFOPLIST_FILE = YES;
				INFOPLIST_FILE = BarrierRush/Info.plist;
				INFOPLIST_KEY_UIApplicationSupportsIndirectInputEvents = YES;
				INFOPLIST_KEY_UILaunchStoryboardName = Launch;
				INFOPLIST_KEY_UIStatusBarHidden = YES;
				INFOPLIST_KEY_UISupportedInterfaceOrientations = UIInterfaceOrientationPortrait;
				INFOPLIST_KEY_UISupportedInterfaceOrientations_iPad = "UIInterfaceOrientationLandscapeLeft UIInterfaceOrientationLandscapeRight UIInterfaceOrientationPortrait UIInterfaceOrientationPortraitUpsideDown";
				IPHONEOS_DEPLOYMENT_TARGET = 15.0;
				LD_RUNPATH_SEARCH_PATHS = (
					"$(inherited)",
					"@executable_path/Frameworks",
				);
				MARKETING_VERSION = 1.0;
				PRODUCT_BUNDLE_IDENTIFIER = misha.vrana.personal.BarrierRush;
				PRODUCT_NAME = "$(TARGET_NAME)";
				SUPPORTED_PLATFORMS = "iphoneos iphonesimulator";
				SUPPORTS_MACCATALYST = NO;
				SUPPORTS_MAC_DESIGNED_FOR_IPHONE_IPAD = NO;
				SUPPORTS_XR_DESIGNED_FOR_IPHONE_IPAD = NO;
				SWIFT_EMIT_LOC_STRINGS = YES;
				SWIFT_VERSION = 5.0;
				TARGETED_DEVICE_FAMILY = 1;
			};
			name = Release;
		};
/* End XCBuildConfiguration section */

/* Begin XCConfigurationList section */
		A57497B02B5AE9B100EB39BF /* Build configuration list for PBXProject "BarrierRush" */ = {
			isa = XCConfigurationList;
			buildConfigurations = (
				A57497CA2B5AE9B300EB39BF /* Debug */,
				A57497CB2B5AE9B300EB39BF /* Release */,
			);
			defaultConfigurationIsVisible = 0;
			defaultConfigurationName = Release;
		};
		A57497CC2B5AE9B300EB39BF /* Build configuration list for PBXNativeTarget "BarrierRush" */ = {
			isa = XCConfigurationList;
			buildConfigurations = (
				A57497CD2B5AE9B300EB39BF /* Debug */,
				A57497CE2B5AE9B300EB39BF /* Release */,
			);
			defaultConfigurationIsVisible = 0;
			defaultConfigurationName = Release;
		};
/* End XCConfigurationList section */

/* Begin XCRemoteSwiftPackageReference section */
		A57497D12B5AEEA600EB39BF /* XCRemoteSwiftPackageReference "firebase-ios-sdk" */ = {
			isa = XCRemoteSwiftPackageReference;
			repositoryURL = "https://github.com/firebase/firebase-ios-sdk";
			requirement = {
				kind = upToNextMajorVersion;
				minimumVersion = 10.20.0;
			};
		};
/* End XCRemoteSwiftPackageReference section */

/* Begin XCSwiftPackageProductDependency section */
		A57497D22B5AEEA600EB39BF /* FirebaseAnalytics */ = {
			isa = XCSwiftPackageProductDependency;
			package = A57497D12B5AEEA600EB39BF /* XCRemoteSwiftPackageReference "firebase-ios-sdk" */;
			productName = FirebaseAnalytics;
		};
		A57497D42B5AEEA600EB39BF /* FirebaseAnalyticsOnDeviceConversion */ = {
			isa = XCSwiftPackageProductDependency;
			package = A57497D12B5AEEA600EB39BF /* XCRemoteSwiftPackageReference "firebase-ios-sdk" */;
			productName = FirebaseAnalyticsOnDeviceConversion;
		};
		A57497D62B5AEEA600EB39BF /* FirebaseAnalyticsSwift */ = {
			isa = XCSwiftPackageProductDependency;
			package = A57497D12B5AEEA600EB39BF /* XCRemoteSwiftPackageReference "firebase-ios-sdk" */;
			productName = FirebaseAnalyticsSwift;
		};
		A57497D82B5AEEA600EB39BF /* FirebaseAnalyticsWithoutAdIdSupport */ = {
			isa = XCSwiftPackageProductDependency;
			package = A57497D12B5AEEA600EB39BF /* XCRemoteSwiftPackageReference "firebase-ios-sdk" */;
			productName = FirebaseAnalyticsWithoutAdIdSupport;
		};
		A57497DA2B5AEEA600EB39BF /* FirebaseAppCheck */ = {
			isa = XCSwiftPackageProductDependency;
			package = A57497D12B5AEEA600EB39BF /* XCRemoteSwiftPackageReference "firebase-ios-sdk" */;
			productName = FirebaseAppCheck;
		};
		A57497F22B5B1C8200EB39BF /* FirebaseFirestore */ = {
			isa = XCSwiftPackageProductDependency;
			package = A57497D12B5AEEA600EB39BF /* XCRemoteSwiftPackageReference "firebase-ios-sdk" */;
			productName = FirebaseFirestore;
		};
/* End XCSwiftPackageProductDependency section */
	};
	rootObject = A57497AD2B5AE9B100EB39BF /* Project object */;
}
